// !$*UTF8*$!
{
	archiveVersion = 1;
	classes = {
	};
	objectVersion = 46;
	objects = {

/* Begin PBXBuildFile section */
		8BA2C69B19DC84E900D62966 /* Matrix.swift in Sources */ = {isa = PBXBuildFile; fileRef = 8BA2C69A19DC84E900D62966 /* Matrix.swift */; };
		8BAB103619CB09FF00A470EC /* AppDelegate.swift in Sources */ = {isa = PBXBuildFile; fileRef = 8BAB103519CB09FF00A470EC /* AppDelegate.swift */; };
		8BAB103819CB09FF00A470EC /* ViewController.swift in Sources */ = {isa = PBXBuildFile; fileRef = 8BAB103719CB09FF00A470EC /* ViewController.swift */; };
		8BAB103B19CB09FF00A470EC /* Main.storyboard in Resources */ = {isa = PBXBuildFile; fileRef = 8BAB103919CB09FF00A470EC /* Main.storyboard */; };
		8BAB103D19CB09FF00A470EC /* Images.xcassets in Resources */ = {isa = PBXBuildFile; fileRef = 8BAB103C19CB09FF00A470EC /* Images.xcassets */; };
		8BAB104019CB09FF00A470EC /* LaunchScreen.xib in Resources */ = {isa = PBXBuildFile; fileRef = 8BAB103E19CB09FF00A470EC /* LaunchScreen.xib */; };
		8BAB104C19CB0A0000A470EC /* Matrix_RainTests.swift in Sources */ = {isa = PBXBuildFile; fileRef = 8BAB104B19CB0A0000A470EC /* Matrix_RainTests.swift */; };
/* End PBXBuildFile section */

/* Begin PBXContainerItemProxy section */
		8BAB104619CB0A0000A470EC /* PBXContainerItemProxy */ = {
			isa = PBXContainerItemProxy;
			containerPortal = 8BAB102819CB09FF00A470EC /* Project object */;
			proxyType = 1;
			remoteGlobalIDString = 8BAB102F19CB09FF00A470EC;
			remoteInfo = "Matrix Rain";
		};
/* End PBXContainerItemProxy section */

/* Begin PBXFileReference section */
		8BA2C69A19DC84E900D62966 /* Matrix.swift */ = {isa = PBXFileReference; fileEncoding = 4; lastKnownFileType = sourcecode.swift; path = Matrix.swift; sourceTree = "<group>"; };
		8BAB103019CB09FF00A470EC /* Matrix Rain.app */ = {isa = PBXFileReference; explicitFileType = wrapper.application; includeInIndex = 0; path = "Matrix Rain.app"; sourceTree = BUILT_PRODUCTS_DIR; };
		8BAB103419CB09FF00A470EC /* Info.plist */ = {isa = PBXFileReference; lastKnownFileType = text.plist.xml; path = Info.plist; sourceTree = "<group>"; };
		8BAB103519CB09FF00A470EC /* AppDelegate.swift */ = {isa = PBXFileReference; lastKnownFileType = sourcecode.swift; path = AppDelegate.swift; sourceTree = "<group>"; };
		8BAB103719CB09FF00A470EC /* ViewController.swift */ = {isa = PBXFileReference; lastKnownFileType = sourcecode.swift; path = ViewController.swift; sourceTree = "<group>"; };
		8BAB103A19CB09FF00A470EC /* Base */ = {isa = PBXFileReference; lastKnownFileType = file.storyboard; name = Base; path = Base.lproj/Main.storyboard; sourceTree = "<group>"; };
		8BAB103C19CB09FF00A470EC /* Images.xcassets */ = {isa = PBXFileReference; lastKnownFileType = folder.assetcatalog; path = Images.xcassets; sourceTree = "<group>"; };
		8BAB103F19CB09FF00A470EC /* Base */ = {isa = PBXFileReference; lastKnownFileType = file.xib; name = Base; path = Base.lproj/LaunchScreen.xib; sourceTree = "<group>"; };
		8BAB104519CB09FF00A470EC /* Matrix RainTests.xctest */ = {isa = PBXFileReference; explicitFileType = wrapper.cfbundle; includeInIndex = 0; path = "Matrix RainTests.xctest"; sourceTree = BUILT_PRODUCTS_DIR; };
		8BAB104A19CB0A0000A470EC /* Info.plist */ = {isa = PBXFileReference; lastKnownFileType = text.plist.xml; path = Info.plist; sourceTree = "<group>"; };
		8BAB104B19CB0A0000A470EC /* Matrix_RainTests.swift */ = {isa = PBXFileReference; lastKnownFileType = sourcecode.swift; path = Matrix_RainTests.swift; sourceTree = "<group>"; };
/* End PBXFileReference section */

/* Begin PBXFrameworksBuildPhase section */
		8BAB102D19CB09FF00A470EC /* Frameworks */ = {
			isa = PBXFrameworksBuildPhase;
			buildActionMask = 2147483647;
			files = (
			);
			runOnlyForDeploymentPostprocessing = 0;
		};
		8BAB104219CB09FF00A470EC /* Frameworks */ = {
			isa = PBXFrameworksBuildPhase;
			buildActionMask = 2147483647;
			files = (
			);
			runOnlyForDeploymentPostprocessing = 0;
		};
/* End PBXFrameworksBuildPhase section */

/* Begin PBXGroup section */
		8BAB102719CB09FF00A470EC = {
			isa = PBXGroup;
			children = (
				8BAB103219CB09FF00A470EC /* Matrix Rain */,
				8BAB104819CB0A0000A470EC /* Matrix RainTests */,
				8BAB103119CB09FF00A470EC /* Products */,
			);
			sourceTree = "<group>";
		};
		8BAB103119CB09FF00A470EC /* Products */ = {
			isa = PBXGroup;
			children = (
				8BAB103019CB09FF00A470EC /* Matrix Rain.app */,
				8BAB104519CB09FF00A470EC /* Matrix RainTests.xctest */,
			);
			name = Products;
			sourceTree = "<group>";
		};
		8BAB103219CB09FF00A470EC /* Matrix Rain */ = {
			isa = PBXGroup;
			children = (
				8BAB103519CB09FF00A470EC /* AppDelegate.swift */,
				8BAB103719CB09FF00A470EC /* ViewController.swift */,
				8BA2C69A19DC84E900D62966 /* Matrix.swift */,
				8BAB103919CB09FF00A470EC /* Main.storyboard */,
				8BAB103C19CB09FF00A470EC /* Images.xcassets */,
				8BAB103E19CB09FF00A470EC /* LaunchScreen.xib */,
				8BAB103319CB09FF00A470EC /* Supporting Files */,
			);
			path = "Matrix Rain";
			sourceTree = "<group>";
		};
		8BAB103319CB09FF00A470EC /* Supporting Files */ = {
			isa = PBXGroup;
			children = (
				8BAB103419CB09FF00A470EC /* Info.plist */,
			);
			name = "Supporting Files";
			sourceTree = "<group>";
		};
		8BAB104819CB0A0000A470EC /* Matrix RainTests */ = {
			isa = PBXGroup;
			children = (
				8BAB104B19CB0A0000A470EC /* Matrix_RainTests.swift */,
				8BAB104919CB0A0000A470EC /* Supporting Files */,
			);
			path = "Matrix RainTests";
			sourceTree = "<group>";
		};
		8BAB104919CB0A0000A470EC /* Supporting Files */ = {
			isa = PBXGroup;
			children = (
				8BAB104A19CB0A0000A470EC /* Info.plist */,
			);
			name = "Supporting Files";
			sourceTree = "<group>";
		};
/* End PBXGroup section */

/* Begin PBXNativeTarget section */
		8BAB102F19CB09FF00A470EC /* Matrix Rain */ = {
			isa = PBXNativeTarget;
			buildConfigurationList = 8BAB104F19CB0A0000A470EC /* Build configuration list for PBXNativeTarget "Matrix Rain" */;
			buildPhases = (
				8BAB102C19CB09FF00A470EC /* Sources */,
				8BAB102D19CB09FF00A470EC /* Frameworks */,
				8BAB102E19CB09FF00A470EC /* Resources */,
			);
			buildRules = (
			);
			dependencies = (
			);
			name = "Matrix Rain";
			productName = "Matrix Rain";
			productReference = 8BAB103019CB09FF00A470EC /* Matrix Rain.app */;
			productType = "com.apple.product-type.application";
		};
		8BAB104419CB09FF00A470EC /* Matrix RainTests */ = {
			isa = PBXNativeTarget;
			buildConfigurationList = 8BAB105219CB0A0000A470EC /* Build configuration list for PBXNativeTarget "Matrix RainTests" */;
			buildPhases = (
				8BAB104119CB09FF00A470EC /* Sources */,
				8BAB104219CB09FF00A470EC /* Frameworks */,
				8BAB104319CB09FF00A470EC /* Resources */,
			);
			buildRules = (
			);
			dependencies = (
				8BAB104719CB0A0000A470EC /* PBXTargetDependency */,
			);
			name = "Matrix RainTests";
			productName = "Matrix RainTests";
			productReference = 8BAB104519CB09FF00A470EC /* Matrix RainTests.xctest */;
			productType = "com.apple.product-type.bundle.unit-test";
		};
/* End PBXNativeTarget section */

/* Begin PBXProject section */
		8BAB102819CB09FF00A470EC /* Project object */ = {
			isa = PBXProject;
			attributes = {
				LastUpgradeCheck = 1200;
				ORGANIZATIONNAME = ae;
				TargetAttributes = {
					8BAB102F19CB09FF00A470EC = {
						CreatedOnToolsVersion = 6.0;
					};
					8BAB104419CB09FF00A470EC = {
						CreatedOnToolsVersion = 6.0;
						TestTargetID = 8BAB102F19CB09FF00A470EC;
					};
				};
			};
			buildConfigurationList = 8BAB102B19CB09FF00A470EC /* Build configuration list for PBXProject "Matrix Rain" */;
			compatibilityVersion = "Xcode 3.2";
			developmentRegion = en;
			hasScannedForEncodings = 0;
			knownRegions = (
				en,
				Base,
			);
			mainGroup = 8BAB102719CB09FF00A470EC;
			productRefGroup = 8BAB103119CB09FF00A470EC /* Products */;
			projectDirPath = "";
			projectRoot = "";
			targets = (
				8BAB102F19CB09FF00A470EC /* Matrix Rain */,
				8BAB104419CB09FF00A470EC /* Matrix RainTests */,
			);
		};
/* End PBXProject section */

/* Begin PBXResourcesBuildPhase section */
		8BAB102E19CB09FF00A470EC /* Resources */ = {
			isa = PBXResourcesBuildPhase;
			buildActionMask = 2147483647;
			files = (
				8BAB103B19CB09FF00A470EC /* Main.storyboard in Resources */,
				8BAB104019CB09FF00A470EC /* LaunchScreen.xib in Resources */,
				8BAB103D19CB09FF00A470EC /* Images.xcassets in Resources */,
			);
			runOnlyForDeploymentPostprocessing = 0;
		};
		8BAB104319CB09FF00A470EC /* Resources */ = {
			isa = PBXResourcesBuildPhase;
			buildActionMask = 2147483647;
			files = (
			);
			runOnlyForDeploymentPostprocessing = 0;
		};
/* End PBXResourcesBuildPhase section */

/* Begin PBXSourcesBuildPhase section */
		8BAB102C19CB09FF00A470EC /* Sources */ = {
			isa = PBXSourcesBuildPhase;
			buildActionMask = 2147483647;
			files = (
				8BAB103819CB09FF00A470EC /* ViewController.swift in Sources */,
				8BAB103619CB09FF00A470EC /* AppDelegate.swift in Sources */,
				8BA2C69B19DC84E900D62966 /* Matrix.swift in Sources */,
			);
			runOnlyForDeploymentPostprocessing = 0;
		};
		8BAB104119CB09FF00A470EC /* Sources */ = {
			isa = PBXSourcesBuildPhase;
			buildActionMask = 2147483647;
			files = (
				8BAB104C19CB0A0000A470EC /* Matrix_RainTests.swift in Sources */,
			);
			runOnlyForDeploymentPostprocessing = 0;
		};
/* End PBXSourcesBuildPhase section */

/* Begin PBXTargetDependency section */
		8BAB104719CB0A0000A470EC /* PBXTargetDependency */ = {
			isa = PBXTargetDependency;
			target = 8BAB102F19CB09FF00A470EC /* Matrix Rain */;
			targetProxy = 8BAB104619CB0A0000A470EC /* PBXContainerItemProxy */;
		};
/* End PBXTargetDependency section */

/* Begin PBXVariantGroup section */
		8BAB103919CB09FF00A470EC /* Main.storyboard */ = {
			isa = PBXVariantGroup;
			children = (
				8BAB103A19CB09FF00A470EC /* Base */,
			);
			name = Main.storyboard;
			sourceTree = "<group>";
		};
		8BAB103E19CB09FF00A470EC /* LaunchScreen.xib */ = {
			isa = PBXVariantGroup;
			children = (
				8BAB103F19CB09FF00A470EC /* Base */,
			);
			name = LaunchScreen.xib;
			sourceTree = "<group>";
		};
/* End PBXVariantGroup section */

/* Begin XCBuildConfiguration section */
		8BAB104D19CB0A0000A470EC /* Debug */ = {
			isa = XCBuildConfiguration;
			buildSettings = {
				ALWAYS_SEARCH_USER_PATHS = NO;
				CLANG_ANALYZER_LOCALIZABILITY_NONLOCALIZED = YES;
				CLANG_CXX_LANGUAGE_STANDARD = "gnu++0x";
				CLANG_CXX_LIBRARY = "libc++";
				CLANG_ENABLE_MODULES = YES;
				CLANG_ENABLE_OBJC_ARC = YES;
				CLANG_WARN_BLOCK_CAPTURE_AUTORELEASING = YES;
				CLANG_WARN_BOOL_CONVERSION = YES;
				CLANG_WARN_COMMA = YES;
				CLANG_WARN_CONSTANT_CONVERSION = YES;
				CLANG_WARN_DEPRECATED_OBJC_IMPLEMENTATIONS = YES;
				CLANG_WARN_DIRECT_OBJC_ISA_USAGE = YES_ERROR;
				CLANG_WARN_EMPTY_BODY = YES;
				CLANG_WARN_ENUM_CONVERSION = YES;
				CLANG_WARN_INFINITE_RECURSION = YES;
				CLANG_WARN_INT_CONVERSION = YES;
				CLANG_WARN_NON_LITERAL_NULL_CONVERSION = YES;
				CLANG_WARN_OBJC_IMPLICIT_RETAIN_SELF = YES;
				CLANG_WARN_OBJC_LITERAL_CONVERSION = YES;
				CLANG_WARN_OBJC_ROOT_CLASS = YES_ERROR;
				CLANG_WARN_QUOTED_INCLUDE_IN_FRAMEWORK_HEADER = YES;
				CLANG_WARN_RANGE_LOOP_ANALYSIS = YES;
				CLANG_WARN_STRICT_PROTOTYPES = YES;
				CLANG_WARN_SUSPICIOUS_MOVE = YES;
				CLANG_WARN_UNREACHABLE_CODE = YES;
				CLANG_WARN__DUPLICATE_METHOD_MATCH = YES;
				"CODE_SIGN_IDENTITY[sdk=iphoneos*]" = "iPhone Developer";
				COPY_PHASE_STRIP = NO;
				ENABLE_STRICT_OBJC_MSGSEND = YES;
				ENABLE_TESTABILITY = YES;
				GCC_C_LANGUAGE_STANDARD = gnu99;
				GCC_DYNAMIC_NO_PIC = NO;
				GCC_NO_COMMON_BLOCKS = YES;
				GCC_OPTIMIZATION_LEVEL = 0;
				GCC_PREPROCESSOR_DEFINITIONS = (
					"DEBUG=1",
					"$(inherited)",
				);
				GCC_SYMBOLS_PRIVATE_EXTERN = NO;
				GCC_WARN_64_TO_32_BIT_CONVERSION = YES;
				GCC_WARN_ABOUT_RETURN_TYPE = YES_ERROR;
				GCC_WARN_UNDECLARED_SELECTOR = YES;
				GCC_WARN_UNINITIALIZED_AUTOS = YES_AGGRESSIVE;
				GCC_WARN_UNUSED_FUNCTION = YES;
				GCC_WARN_UNUSED_VARIABLE = YES;
				IPHONEOS_DEPLOYMENT_TARGET = 12.0;
				MTL_ENABLE_DEBUG_INFO = YES;
				ONLY_ACTIVE_ARCH = YES;
				SDKROOT = iphoneos;
				SWIFT_OPTIMIZATION_LEVEL = "-Onone";
				SWIFT_VERSION = 5.0;
				TARGETED_DEVICE_FAMILY = "1,2";
			};
			name = Debug;
		};
		8BAB104E19CB0A0000A470EC /* Release */ = {
			isa = XCBuildConfiguration;
			buildSettings = {
				ALWAYS_SEARCH_USER_PATHS = NO;
				CLANG_ANALYZER_LOCALIZABILITY_NONLOCALIZED = YES;
				CLANG_CXX_LANGUAGE_STANDARD = "gnu++0x";
				CLANG_CXX_LIBRARY = "libc++";
				CLANG_ENABLE_MODULES = YES;
				CLANG_ENABLE_OBJC_ARC = YES;
				CLANG_WARN_BLOCK_CAPTURE_AUTORELEASING = YES;
				CLANG_WARN_BOOL_CONVERSION = YES;
				CLANG_WARN_COMMA = YES;
				CLANG_WARN_CONSTANT_CONVERSION = YES;
				CLANG_WARN_DEPRECATED_OBJC_IMPLEMENTATIONS = YES;
				CLANG_WARN_DIRECT_OBJC_ISA_USAGE = YES_ERROR;
				CLANG_WARN_EMPTY_BODY = YES;
				CLANG_WARN_ENUM_CONVERSION = YES;
				CLANG_WARN_INFINITE_RECURSION = YES;
				CLANG_WARN_INT_CONVERSION = YES;
				CLANG_WARN_NON_LITERAL_NULL_CONVERSION = YES;
				CLANG_WARN_OBJC_IMPLICIT_RETAIN_SELF = YES;
				CLANG_WARN_OBJC_LITERAL_CONVERSION = YES;
				CLANG_WARN_OBJC_ROOT_CLASS = YES_ERROR;
				CLANG_WARN_QUOTED_INCLUDE_IN_FRAMEWORK_HEADER = YES;
				CLANG_WARN_RANGE_LOOP_ANALYSIS = YES;
				CLANG_WARN_STRICT_PROTOTYPES = YES;
				CLANG_WARN_SUSPICIOUS_MOVE = YES;
				CLANG_WARN_UNREACHABLE_CODE = YES;
				CLANG_WARN__DUPLICATE_METHOD_MATCH = YES;
				"CODE_SIGN_IDENTITY[sdk=iphoneos*]" = "iPhone Developer";
				COPY_PHASE_STRIP = YES;
				ENABLE_NS_ASSERTIONS = NO;
				ENABLE_STRICT_OBJC_MSGSEND = YES;
				GCC_C_LANGUAGE_STANDARD = gnu99;
				GCC_NO_COMMON_BLOCKS = YES;
				GCC_WARN_64_TO_32_BIT_CONVERSION = YES;
				GCC_WARN_ABOUT_RETURN_TYPE = YES_ERROR;
				GCC_WARN_UNDECLARED_SELECTOR = YES;
				GCC_WARN_UNINITIALIZED_AUTOS = YES_AGGRESSIVE;
				GCC_WARN_UNUSED_FUNCTION = YES;
				GCC_WARN_UNUSED_VARIABLE = YES;
				IPHONEOS_DEPLOYMENT_TARGET = 12.0;
				MTL_ENABLE_DEBUG_INFO = NO;
				SDKROOT = iphoneos;
				SWIFT_COMPILATION_MODE = wholemodule;
				SWIFT_VERSION = 5.0;
				TARGETED_DEVICE_FAMILY = "1,2";
				VALIDATE_PRODUCT = YES;
			};
			name = Release;
		};
		8BAB105019CB0A0000A470EC /* Debug */ = {
			isa = XCBuildConfiguration;
			buildSettings = {
				ASSETCATALOG_COMPILER_APPICON_NAME = AppIcon;
				INFOPLIST_FILE = "Matrix Rain/Info.plist";
				LD_RUNPATH_SEARCH_PATHS = "$(inherited) @executable_path/Frameworks";
				PRODUCT_BUNDLE_IDENTIFIER = "net.tadija.$(PRODUCT_NAME:rfc1034identifier)";
				PRODUCT_NAME = "$(TARGET_NAME)";
			};
			name = Debug;
		};
		8BAB105119CB0A0000A470EC /* Release */ = {
			isa = XCBuildConfiguration;
			buildSettings = {
				ASSETCATALOG_COMPILER_APPICON_NAME = AppIcon;
				INFOPLIST_FILE = "Matrix Rain/Info.plist";
				LD_RUNPATH_SEARCH_PATHS = "$(inherited) @executable_path/Frameworks";
				PRODUCT_BUNDLE_IDENTIFIER = "net.tadija.$(PRODUCT_NAME:rfc1034identifier)";
				PRODUCT_NAME = "$(TARGET_NAME)";
			};
			name = Release;
		};
		8BAB105319CB0A0000A470EC /* Debug */ = {
			isa = XCBuildConfiguration;
			buildSettings = {
				BUNDLE_LOADER = "$(TEST_HOST)";
				GCC_PREPROCESSOR_DEFINITIONS = (
					"DEBUG=1",
					"$(inherited)",
				);
				INFOPLIST_FILE = "Matrix RainTests/Info.plist";
				LD_RUNPATH_SEARCH_PATHS = "$(inherited) @executable_path/Frameworks @loader_path/Frameworks";
				PRODUCT_BUNDLE_IDENTIFIER = "net.tadija.$(PRODUCT_NAME:rfc1034identifier)";
				PRODUCT_NAME = "$(TARGET_NAME)";
				TEST_HOST = "$(BUILT_PRODUCTS_DIR)/Matrix Rain.app/Matrix Rain";
			};
			name = Debug;
		};
		8BAB105419CB0A0000A470EC /* Release */ = {
			isa = XCBuildConfiguration;
			buildSettings = {
				BUNDLE_LOADER = "$(TEST_HOST)";
				INFOPLIST_FILE = "Matrix RainTests/Info.plist";
				LD_RUNPATH_SEARCH_PATHS = "$(inherited) @executable_path/Frameworks @loader_path/Frameworks";
				PRODUCT_BUNDLE_IDENTIFIER = "net.tadija.$(PRODUCT_NAME:rfc1034identifier)";
				PRODUCT_NAME = "$(TARGET_NAME)";
				TEST_HOST = "$(BUILT_PRODUCTS_DIR)/Matrix Rain.app/Matrix Rain";
			};
			name = Release;
		};
/* End XCBuildConfiguration section */

/* Begin XCConfigurationList section */
		8BAB102B19CB09FF00A470EC /* Build configuration list for PBXProject "Matrix Rain" */ = {
			isa = XCConfigurationList;
			buildConfigurations = (
				8BAB104D19CB0A0000A470EC /* Debug */,
				8BAB104E19CB0A0000A470EC /* Release */,
			);
			defaultConfigurationIsVisible = 0;
			defaultConfigurationName = Release;
		};
		8BAB104F19CB0A0000A470EC /* Build configuration list for PBXNativeTarget "Matrix Rain" */ = {
			isa = XCConfigurationList;
			buildConfigurations = (
				8BAB105019CB0A0000A470EC /* Debug */,
				8BAB105119CB0A0000A470EC /* Release */,
			);
			defaultConfigurationIsVisible = 0;
			defaultConfigurationName = Release;
		};
		8BAB105219CB0A0000A470EC /* Build configuration list for PBXNativeTarget "Matrix RainTests" */ = {
			isa = XCConfigurationList;
			buildConfigurations = (
				8BAB105319CB0A0000A470EC /* Debug */,
				8BAB105419CB0A0000A470EC /* Release */,
			);
			defaultConfigurationIsVisible = 0;
			defaultConfigurationName = Release;
		};
/* End XCConfigurationList section */
	};
	rootObject = 8BAB102819CB09FF00A470EC /* Project object */;
}
